
Microsoft Visual Studio Solution File, Format Version 12.00
# Visual Studio 14
VisualStudioVersion = 14.0.23107.0
MinimumVisualStudioVersion = 10.0.40219.1
Project("{FAE04EC0-301F-11D3-BF4B-00C04F79EFBC}") = "Calculator", "Calculator\Calculator\Calculator.csproj", "{19ADA269-ACAE-49A2-8485-5ABBAAE026DC}"
EndProject
Project("{FAE04EC0-301F-11D3-BF4B-00C04F79EFBC}") = "Calculator.iOS", "Calculator\Calculator.iOS\Calculator.iOS.csproj", "{0CCA8DAB-5E7F-4217-9AC2-F2A82BE069C2}"
EndProject
Project("{FAE04EC0-301F-11D3-BF4B-00C04F79EFBC}") = "Calculator.Droid", "Calculator\Calculator.Droid\Calculator.Droid.csproj", "{5F01C20B-7694-46E2-AA2F-95F611A89EA5}"
EndProject
Project("{FAE04EC0-301F-11D3-BF4B-00C04F79EFBC}") = "Calculator.UWP", "Calculator\Calculator.UWP\Calculator.UWP.csproj", "{CF4BDF9C-80B3-408F-82EA-F6A46BDAE7EE}"
EndProject
Project("{FAE04EC0-301F-11D3-BF4B-00C04F79EFBC}") = "Calculator.WinPhone", "Calculator\Calculator.WinPhone\Calculator.WinPhone.csproj", "{F18BADDF-0C64-4AC4-B211-F34FC12BC918}"
EndProject
Project("{FAE04EC0-301F-11D3-BF4B-00C04F79EFBC}") = "Calculator.Windows", "Calculator/Calculator.Windows/Calculator.Windows.csproj", "{1FC06283-27C4-4985-96BD-4281648BE52C}"
EndProject
Global
	GlobalSection(SolutionConfigurationPlatforms) = preSolution
		Ad-Hoc|Any CPU = Ad-Hoc|Any CPU
		Ad-Hoc|ARM = Ad-Hoc|ARM
		Ad-Hoc|iPhone = Ad-Hoc|iPhone
		Ad-Hoc|iPhoneSimulator = Ad-Hoc|iPhoneSimulator
		Ad-Hoc|x86 = Ad-Hoc|x86
		AppStore|Any CPU = AppStore|Any CPU
		AppStore|ARM = AppStore|ARM
		AppStore|iPhone = AppStore|iPhone
		AppStore|iPhoneSimulator = AppStore|iPhoneSimulator
		AppStore|x86 = AppStore|x86
		Debug|Any CPU = Debug|Any CPU
		Debug|ARM = Debug|ARM
		Debug|iPhone = Debug|iPhone
		Debug|iPhoneSimulator = Debug|iPhoneSimulator
		Debug|x86 = Debug|x86
		Release|Any CPU = Release|Any CPU
		Release|ARM = Release|ARM
		Release|iPhone = Release|iPhone
		Release|iPhoneSimulator = Release|iPhoneSimulator
		Release|x86 = Release|x86
	EndGlobalSection
	GlobalSection(ProjectConfigurationPlatforms) = postSolution
		{19ADA269-ACAE-49A2-8485-5ABBAAE026DC}.Ad-Hoc|Any CPU.ActiveCfg = Release|Any CPU
		{19ADA269-ACAE-49A2-8485-5ABBAAE026DC}.Ad-Hoc|Any CPU.Build.0 = Release|Any CPU
		{19ADA269-ACAE-49A2-8485-5ABBAAE026DC}.Ad-Hoc|ARM.ActiveCfg = Release|Any CPU
		{19ADA269-ACAE-49A2-8485-5ABBAAE026DC}.Ad-Hoc|ARM.Build.0 = Release|Any CPU
		{19ADA269-ACAE-49A2-8485-5ABBAAE026DC}.Ad-Hoc|iPhone.ActiveCfg = Release|Any CPU
		{19ADA269-ACAE-49A2-8485-5ABBAAE026DC}.Ad-Hoc|iPhone.Build.0 = Release|Any CPU
		{19ADA269-ACAE-49A2-8485-5ABBAAE026DC}.Ad-Hoc|iPhoneSimulator.ActiveCfg = Release|Any CPU
		{19ADA269-ACAE-49A2-8485-5ABBAAE026DC}.Ad-Hoc|iPhoneSimulator.Build.0 = Release|Any CPU
		{19ADA269-ACAE-49A2-8485-5ABBAAE026DC}.Ad-Hoc|x64.ActiveCfg = Release|Any CPU
		{19ADA269-ACAE-49A2-8485-5ABBAAE026DC}.Ad-Hoc|x64.Build.0 = Release|Any CPU
		{19ADA269-ACAE-49A2-8485-5ABBAAE026DC}.Ad-Hoc|x86.ActiveCfg = Release|Any CPU
		{19ADA269-ACAE-49A2-8485-5ABBAAE026DC}.Ad-Hoc|x86.Build.0 = Release|Any CPU
		{19ADA269-ACAE-49A2-8485-5ABBAAE026DC}.AppStore|Any CPU.ActiveCfg = Release|Any CPU
		{19ADA269-ACAE-49A2-8485-5ABBAAE026DC}.AppStore|Any CPU.Build.0 = Release|Any CPU
		{19ADA269-ACAE-49A2-8485-5ABBAAE026DC}.AppStore|ARM.ActiveCfg = Release|Any CPU
		{19ADA269-ACAE-49A2-8485-5ABBAAE026DC}.AppStore|ARM.Build.0 = Release|Any CPU
		{19ADA269-ACAE-49A2-8485-5ABBAAE026DC}.AppStore|iPhone.ActiveCfg = Release|Any CPU
		{19ADA269-ACAE-49A2-8485-5ABBAAE026DC}.AppStore|iPhone.Build.0 = Release|Any CPU
		{19ADA269-ACAE-49A2-8485-5ABBAAE026DC}.AppStore|iPhoneSimulator.ActiveCfg = Release|Any CPU
		{19ADA269-ACAE-49A2-8485-5ABBAAE026DC}.AppStore|iPhoneSimulator.Build.0 = Release|Any CPU
		{19ADA269-ACAE-49A2-8485-5ABBAAE026DC}.AppStore|x64.ActiveCfg = Release|Any CPU
		{19ADA269-ACAE-49A2-8485-5ABBAAE026DC}.AppStore|x64.Build.0 = Release|Any CPU
		{19ADA269-ACAE-49A2-8485-5ABBAAE026DC}.AppStore|x86.ActiveCfg = Release|Any CPU
		{19ADA269-ACAE-49A2-8485-5ABBAAE026DC}.AppStore|x86.Build.0 = Release|Any CPU
		{19ADA269-ACAE-49A2-8485-5ABBAAE026DC}.Debug|Any CPU.ActiveCfg = Debug|Any CPU
		{19ADA269-ACAE-49A2-8485-5ABBAAE026DC}.Debug|Any CPU.Build.0 = Debug|Any CPU
		{19ADA269-ACAE-49A2-8485-5ABBAAE026DC}.Debug|ARM.ActiveCfg = Debug|Any CPU
		{19ADA269-ACAE-49A2-8485-5ABBAAE026DC}.Debug|ARM.Build.0 = Debug|Any CPU
		{19ADA269-ACAE-49A2-8485-5ABBAAE026DC}.Debug|iPhone.ActiveCfg = Debug|Any CPU
		{19ADA269-ACAE-49A2-8485-5ABBAAE026DC}.Debug|iPhone.Build.0 = Debug|Any CPU
		{19ADA269-ACAE-49A2-8485-5ABBAAE026DC}.Debug|iPhoneSimulator.ActiveCfg = Debug|Any CPU
		{19ADA269-ACAE-49A2-8485-5ABBAAE026DC}.Debug|iPhoneSimulator.Build.0 = Debug|Any CPU
		{19ADA269-ACAE-49A2-8485-5ABBAAE026DC}.Debug|x64.ActiveCfg = Debug|Any CPU
		{19ADA269-ACAE-49A2-8485-5ABBAAE026DC}.Debug|x64.Build.0 = Debug|Any CPU
		{19ADA269-ACAE-49A2-8485-5ABBAAE026DC}.Debug|x86.ActiveCfg = Debug|Any CPU
		{19ADA269-ACAE-49A2-8485-5ABBAAE026DC}.Debug|x86.Build.0 = Debug|Any CPU
		{19ADA269-ACAE-49A2-8485-5ABBAAE026DC}.Release|Any CPU.ActiveCfg = Release|Any CPU
		{19ADA269-ACAE-49A2-8485-5ABBAAE026DC}.Release|Any CPU.Build.0 = Release|Any CPU
		{19ADA269-ACAE-49A2-8485-5ABBAAE026DC}.Release|ARM.ActiveCfg = Release|Any CPU
		{19ADA269-ACAE-49A2-8485-5ABBAAE026DC}.Release|ARM.Build.0 = Release|Any CPU
		{19ADA269-ACAE-49A2-8485-5ABBAAE026DC}.Release|iPhone.ActiveCfg = Release|Any CPU
		{19ADA269-ACAE-49A2-8485-5ABBAAE026DC}.Release|iPhone.Build.0 = Release|Any CPU
		{19ADA269-ACAE-49A2-8485-5ABBAAE026DC}.Release|iPhoneSimulator.ActiveCfg = Release|Any CPU
		{19ADA269-ACAE-49A2-8485-5ABBAAE026DC}.Release|iPhoneSimulator.Build.0 = Release|Any CPU
		{19ADA269-ACAE-49A2-8485-5ABBAAE026DC}.Release|x64.ActiveCfg = Release|Any CPU
		{19ADA269-ACAE-49A2-8485-5ABBAAE026DC}.Release|x64.Build.0 = Release|Any CPU
		{19ADA269-ACAE-49A2-8485-5ABBAAE026DC}.Release|x86.ActiveCfg = Release|Any CPU
		{19ADA269-ACAE-49A2-8485-5ABBAAE026DC}.Release|x86.Build.0 = Release|Any CPU
		{0CCA8DAB-5E7F-4217-9AC2-F2A82BE069C2}.Ad-Hoc|Any CPU.ActiveCfg = Ad-Hoc|iPhone
		{0CCA8DAB-5E7F-4217-9AC2-F2A82BE069C2}.Ad-Hoc|Any CPU.Build.0 = Ad-Hoc|iPhone
		{0CCA8DAB-5E7F-4217-9AC2-F2A82BE069C2}.Ad-Hoc|ARM.ActiveCfg = Ad-Hoc|iPhone
		{0CCA8DAB-5E7F-4217-9AC2-F2A82BE069C2}.Ad-Hoc|iPhone.ActiveCfg = Ad-Hoc|iPhone
		{0CCA8DAB-5E7F-4217-9AC2-F2A82BE069C2}.Ad-Hoc|iPhone.Build.0 = Ad-Hoc|iPhone
		{0CCA8DAB-5E7F-4217-9AC2-F2A82BE069C2}.Ad-Hoc|iPhoneSimulator.ActiveCfg = Ad-Hoc|iPhoneSimulator
		{0CCA8DAB-5E7F-4217-9AC2-F2A82BE069C2}.Ad-Hoc|iPhoneSimulator.Build.0 = Ad-Hoc|iPhoneSimulator
		{0CCA8DAB-5E7F-4217-9AC2-F2A82BE069C2}.Ad-Hoc|x64.ActiveCfg = Ad-Hoc|iPhoneSimulator
		{0CCA8DAB-5E7F-4217-9AC2-F2A82BE069C2}.Ad-Hoc|x86.ActiveCfg = Ad-Hoc|iPhone
		{0CCA8DAB-5E7F-4217-9AC2-F2A82BE069C2}.AppStore|Any CPU.ActiveCfg = AppStore|iPhone
		{0CCA8DAB-5E7F-4217-9AC2-F2A82BE069C2}.AppStore|Any CPU.Build.0 = AppStore|iPhone
		{0CCA8DAB-5E7F-4217-9AC2-F2A82BE069C2}.AppStore|ARM.ActiveCfg = AppStore|iPhone
		{0CCA8DAB-5E7F-4217-9AC2-F2A82BE069C2}.AppStore|iPhone.ActiveCfg = AppStore|iPhone
		{0CCA8DAB-5E7F-4217-9AC2-F2A82BE069C2}.AppStore|iPhone.Build.0 = AppStore|iPhone
		{0CCA8DAB-5E7F-4217-9AC2-F2A82BE069C2}.AppStore|iPhoneSimulator.ActiveCfg = AppStore|iPhoneSimulator
		{0CCA8DAB-5E7F-4217-9AC2-F2A82BE069C2}.AppStore|iPhoneSimulator.Build.0 = AppStore|iPhoneSimulator
		{0CCA8DAB-5E7F-4217-9AC2-F2A82BE069C2}.AppStore|x64.ActiveCfg = AppStore|iPhoneSimulator
		{0CCA8DAB-5E7F-4217-9AC2-F2A82BE069C2}.AppStore|x86.ActiveCfg = AppStore|iPhone
		{0CCA8DAB-5E7F-4217-9AC2-F2A82BE069C2}.Debug|Any CPU.ActiveCfg = Debug|iPhone
		{0CCA8DAB-5E7F-4217-9AC2-F2A82BE069C2}.Debug|Any CPU.Build.0 = Debug|iPhone
		{0CCA8DAB-5E7F-4217-9AC2-F2A82BE069C2}.Debug|ARM.ActiveCfg = Debug|iPhone
		{0CCA8DAB-5E7F-4217-9AC2-F2A82BE069C2}.Debug|iPhone.ActiveCfg = Debug|iPhone
		{0CCA8DAB-5E7F-4217-9AC2-F2A82BE069C2}.Debug|iPhone.Build.0 = Debug|iPhone
		{0CCA8DAB-5E7F-4217-9AC2-F2A82BE069C2}.Debug|iPhoneSimulator.ActiveCfg = Debug|iPhoneSimulator
		{0CCA8DAB-5E7F-4217-9AC2-F2A82BE069C2}.Debug|iPhoneSimulator.Build.0 = Debug|iPhoneSimulator
		{0CCA8DAB-5E7F-4217-9AC2-F2A82BE069C2}.Debug|x64.ActiveCfg = Debug|iPhoneSimulator
		{0CCA8DAB-5E7F-4217-9AC2-F2A82BE069C2}.Debug|x86.ActiveCfg = Debug|iPhone
		{0CCA8DAB-5E7F-4217-9AC2-F2A82BE069C2}.Release|Any CPU.ActiveCfg = Release|iPhone
		{0CCA8DAB-5E7F-4217-9AC2-F2A82BE069C2}.Release|Any CPU.Build.0 = Release|iPhone
		{0CCA8DAB-5E7F-4217-9AC2-F2A82BE069C2}.Release|ARM.ActiveCfg = Release|iPhone
		{0CCA8DAB-5E7F-4217-9AC2-F2A82BE069C2}.Release|iPhone.ActiveCfg = Release|iPhone
		{0CCA8DAB-5E7F-4217-9AC2-F2A82BE069C2}.Release|iPhone.Build.0 = Release|iPhone
		{0CCA8DAB-5E7F-4217-9AC2-F2A82BE069C2}.Release|iPhoneSimulator.ActiveCfg = Release|iPhoneSimulator
		{0CCA8DAB-5E7F-4217-9AC2-F2A82BE069C2}.Release|iPhoneSimulator.Build.0 = Release|iPhoneSimulator
		{0CCA8DAB-5E7F-4217-9AC2-F2A82BE069C2}.Release|x64.ActiveCfg = Release|iPhoneSimulator
		{0CCA8DAB-5E7F-4217-9AC2-F2A82BE069C2}.Release|x86.ActiveCfg = Release|iPhone
		{5F01C20B-7694-46E2-AA2F-95F611A89EA5}.Ad-Hoc|Any CPU.ActiveCfg = Release|Any CPU
		{5F01C20B-7694-46E2-AA2F-95F611A89EA5}.Ad-Hoc|Any CPU.Build.0 = Release|Any CPU
		{5F01C20B-7694-46E2-AA2F-95F611A89EA5}.Ad-Hoc|Any CPU.Deploy.0 = Release|Any CPU
		{5F01C20B-7694-46E2-AA2F-95F611A89EA5}.Ad-Hoc|ARM.ActiveCfg = Release|Any CPU
		{5F01C20B-7694-46E2-AA2F-95F611A89EA5}.Ad-Hoc|ARM.Build.0 = Release|Any CPU
		{5F01C20B-7694-46E2-AA2F-95F611A89EA5}.Ad-Hoc|ARM.Deploy.0 = Release|Any CPU
		{5F01C20B-7694-46E2-AA2F-95F611A89EA5}.Ad-Hoc|iPhone.ActiveCfg = Release|Any CPU
		{5F01C20B-7694-46E2-AA2F-95F611A89EA5}.Ad-Hoc|iPhone.Build.0 = Release|Any CPU
		{5F01C20B-7694-46E2-AA2F-95F611A89EA5}.Ad-Hoc|iPhone.Deploy.0 = Release|Any CPU
		{5F01C20B-7694-46E2-AA2F-95F611A89EA5}.Ad-Hoc|iPhoneSimulator.ActiveCfg = Release|Any CPU
		{5F01C20B-7694-46E2-AA2F-95F611A89EA5}.Ad-Hoc|iPhoneSimulator.Build.0 = Release|Any CPU
		{5F01C20B-7694-46E2-AA2F-95F611A89EA5}.Ad-Hoc|iPhoneSimulator.Deploy.0 = Release|Any CPU
		{5F01C20B-7694-46E2-AA2F-95F611A89EA5}.Ad-Hoc|x64.ActiveCfg = Release|Any CPU
		{5F01C20B-7694-46E2-AA2F-95F611A89EA5}.Ad-Hoc|x64.Build.0 = Release|Any CPU
		{5F01C20B-7694-46E2-AA2F-95F611A89EA5}.Ad-Hoc|x64.Deploy.0 = Release|Any CPU
		{5F01C20B-7694-46E2-AA2F-95F611A89EA5}.Ad-Hoc|x86.ActiveCfg = Release|Any CPU
		{5F01C20B-7694-46E2-AA2F-95F611A89EA5}.Ad-Hoc|x86.Build.0 = Release|Any CPU
		{5F01C20B-7694-46E2-AA2F-95F611A89EA5}.Ad-Hoc|x86.Deploy.0 = Release|Any CPU
		{5F01C20B-7694-46E2-AA2F-95F611A89EA5}.AppStore|Any CPU.ActiveCfg = Release|Any CPU
		{5F01C20B-7694-46E2-AA2F-95F611A89EA5}.AppStore|Any CPU.Build.0 = Release|Any CPU
		{5F01C20B-7694-46E2-AA2F-95F611A89EA5}.AppStore|Any CPU.Deploy.0 = Release|Any CPU
		{5F01C20B-7694-46E2-AA2F-95F611A89EA5}.AppStore|ARM.ActiveCfg = Release|Any CPU
		{5F01C20B-7694-46E2-AA2F-95F611A89EA5}.AppStore|ARM.Build.0 = Release|Any CPU
		{5F01C20B-7694-46E2-AA2F-95F611A89EA5}.AppStore|ARM.Deploy.0 = Release|Any CPU
		{5F01C20B-7694-46E2-AA2F-95F611A89EA5}.AppStore|iPhone.ActiveCfg = Release|Any CPU
		{5F01C20B-7694-46E2-AA2F-95F611A89EA5}.AppStore|iPhone.Build.0 = Release|Any CPU
		{5F01C20B-7694-46E2-AA2F-95F611A89EA5}.AppStore|iPhone.Deploy.0 = Release|Any CPU
		{5F01C20B-7694-46E2-AA2F-95F611A89EA5}.AppStore|iPhoneSimulator.ActiveCfg = Release|Any CPU
		{5F01C20B-7694-46E2-AA2F-95F611A89EA5}.AppStore|iPhoneSimulator.Build.0 = Release|Any CPU
		{5F01C20B-7694-46E2-AA2F-95F611A89EA5}.AppStore|iPhoneSimulator.Deploy.0 = Release|Any CPU
		{5F01C20B-7694-46E2-AA2F-95F611A89EA5}.AppStore|x64.ActiveCfg = Release|Any CPU
		{5F01C20B-7694-46E2-AA2F-95F611A89EA5}.AppStore|x64.Build.0 = Release|Any CPU
		{5F01C20B-7694-46E2-AA2F-95F611A89EA5}.AppStore|x64.Deploy.0 = Release|Any CPU
		{5F01C20B-7694-46E2-AA2F-95F611A89EA5}.AppStore|x86.ActiveCfg = Release|Any CPU
		{5F01C20B-7694-46E2-AA2F-95F611A89EA5}.AppStore|x86.Build.0 = Release|Any CPU
		{5F01C20B-7694-46E2-AA2F-95F611A89EA5}.AppStore|x86.Deploy.0 = Release|Any CPU
		{5F01C20B-7694-46E2-AA2F-95F611A89EA5}.Debug|Any CPU.ActiveCfg = Debug|Any CPU
		{5F01C20B-7694-46E2-AA2F-95F611A89EA5}.Debug|Any CPU.Build.0 = Debug|Any CPU
		{5F01C20B-7694-46E2-AA2F-95F611A89EA5}.Debug|Any CPU.Deploy.0 = Debug|Any CPU
		{5F01C20B-7694-46E2-AA2F-95F611A89EA5}.Debug|ARM.ActiveCfg = Debug|Any CPU
		{5F01C20B-7694-46E2-AA2F-95F611A89EA5}.Debug|ARM.Build.0 = Debug|Any CPU
		{5F01C20B-7694-46E2-AA2F-95F611A89EA5}.Debug|ARM.Deploy.0 = Debug|Any CPU
		{5F01C20B-7694-46E2-AA2F-95F611A89EA5}.Debug|iPhone.ActiveCfg = Debug|Any CPU
		{5F01C20B-7694-46E2-AA2F-95F611A89EA5}.Debug|iPhone.Build.0 = Debug|Any CPU
		{5F01C20B-7694-46E2-AA2F-95F611A89EA5}.Debug|iPhone.Deploy.0 = Debug|Any CPU
		{5F01C20B-7694-46E2-AA2F-95F611A89EA5}.Debug|iPhoneSimulator.ActiveCfg = Debug|Any CPU
		{5F01C20B-7694-46E2-AA2F-95F611A89EA5}.Debug|iPhoneSimulator.Build.0 = Debug|Any CPU
		{5F01C20B-7694-46E2-AA2F-95F611A89EA5}.Debug|iPhoneSimulator.Deploy.0 = Debug|Any CPU
		{5F01C20B-7694-46E2-AA2F-95F611A89EA5}.Debug|x64.ActiveCfg = Debug|Any CPU
		{5F01C20B-7694-46E2-AA2F-95F611A89EA5}.Debug|x64.Build.0 = Debug|Any CPU
		{5F01C20B-7694-46E2-AA2F-95F611A89EA5}.Debug|x64.Deploy.0 = Debug|Any CPU
		{5F01C20B-7694-46E2-AA2F-95F611A89EA5}.Debug|x86.ActiveCfg = Debug|Any CPU
		{5F01C20B-7694-46E2-AA2F-95F611A89EA5}.Debug|x86.Build.0 = Debug|Any CPU
		{5F01C20B-7694-46E2-AA2F-95F611A89EA5}.Debug|x86.Deploy.0 = Debug|Any CPU
		{5F01C20B-7694-46E2-AA2F-95F611A89EA5}.Release|Any CPU.ActiveCfg = Release|Any CPU
		{5F01C20B-7694-46E2-AA2F-95F611A89EA5}.Release|Any CPU.Build.0 = Release|Any CPU
		{5F01C20B-7694-46E2-AA2F-95F611A89EA5}.Release|Any CPU.Deploy.0 = Release|Any CPU
		{5F01C20B-7694-46E2-AA2F-95F611A89EA5}.Release|ARM.ActiveCfg = Release|Any CPU
		{5F01C20B-7694-46E2-AA2F-95F611A89EA5}.Release|ARM.Build.0 = Release|Any CPU
		{5F01C20B-7694-46E2-AA2F-95F611A89EA5}.Release|ARM.Deploy.0 = Release|Any CPU
		{5F01C20B-7694-46E2-AA2F-95F611A89EA5}.Release|iPhone.ActiveCfg = Release|Any CPU
		{5F01C20B-7694-46E2-AA2F-95F611A89EA5}.Release|iPhone.Build.0 = Release|Any CPU
		{5F01C20B-7694-46E2-AA2F-95F611A89EA5}.Release|iPhone.Deploy.0 = Release|Any CPU
		{5F01C20B-7694-46E2-AA2F-95F611A89EA5}.Release|iPhoneSimulator.ActiveCfg = Release|Any CPU
		{5F01C20B-7694-46E2-AA2F-95F611A89EA5}.Release|iPhoneSimulator.Build.0 = Release|Any CPU
		{5F01C20B-7694-46E2-AA2F-95F611A89EA5}.Release|iPhoneSimulator.Deploy.0 = Release|Any CPU
		{5F01C20B-7694-46E2-AA2F-95F611A89EA5}.Release|x64.ActiveCfg = Release|Any CPU
		{5F01C20B-7694-46E2-AA2F-95F611A89EA5}.Release|x64.Build.0 = Release|Any CPU
		{5F01C20B-7694-46E2-AA2F-95F611A89EA5}.Release|x64.Deploy.0 = Release|Any CPU
		{5F01C20B-7694-46E2-AA2F-95F611A89EA5}.Release|x86.ActiveCfg = Release|Any CPU
		{5F01C20B-7694-46E2-AA2F-95F611A89EA5}.Release|x86.Build.0 = Release|Any CPU
		{5F01C20B-7694-46E2-AA2F-95F611A89EA5}.Release|x86.Deploy.0 = Release|Any CPU
		{CF4BDF9C-80B3-408F-82EA-F6A46BDAE7EE}.Ad-Hoc|Any CPU.ActiveCfg = Release|x86
		{CF4BDF9C-80B3-408F-82EA-F6A46BDAE7EE}.Ad-Hoc|Any CPU.Build.0 = Release|x86
		{CF4BDF9C-80B3-408F-82EA-F6A46BDAE7EE}.Ad-Hoc|Any CPU.Deploy.0 = Release|x86
		{CF4BDF9C-80B3-408F-82EA-F6A46BDAE7EE}.Ad-Hoc|ARM.ActiveCfg = Release|ARM
		{CF4BDF9C-80B3-408F-82EA-F6A46BDAE7EE}.Ad-Hoc|ARM.Build.0 = Release|ARM
		{CF4BDF9C-80B3-408F-82EA-F6A46BDAE7EE}.Ad-Hoc|ARM.Deploy.0 = Release|ARM
		{CF4BDF9C-80B3-408F-82EA-F6A46BDAE7EE}.Ad-Hoc|iPhone.ActiveCfg = Release|x86
		{CF4BDF9C-80B3-408F-82EA-F6A46BDAE7EE}.Ad-Hoc|iPhone.Build.0 = Release|x86
		{CF4BDF9C-80B3-408F-82EA-F6A46BDAE7EE}.Ad-Hoc|iPhone.Deploy.0 = Release|x86
		{CF4BDF9C-80B3-408F-82EA-F6A46BDAE7EE}.Ad-Hoc|iPhoneSimulator.ActiveCfg = Release|x86
		{CF4BDF9C-80B3-408F-82EA-F6A46BDAE7EE}.Ad-Hoc|iPhoneSimulator.Build.0 = Release|x86
		{CF4BDF9C-80B3-408F-82EA-F6A46BDAE7EE}.Ad-Hoc|iPhoneSimulator.Deploy.0 = Release|x86
		{CF4BDF9C-80B3-408F-82EA-F6A46BDAE7EE}.Ad-Hoc|x64.ActiveCfg = Release|x64
		{CF4BDF9C-80B3-408F-82EA-F6A46BDAE7EE}.Ad-Hoc|x64.Build.0 = Release|x64
		{CF4BDF9C-80B3-408F-82EA-F6A46BDAE7EE}.Ad-Hoc|x64.Deploy.0 = Release|x64
		{CF4BDF9C-80B3-408F-82EA-F6A46BDAE7EE}.Ad-Hoc|x86.ActiveCfg = Release|x86
		{CF4BDF9C-80B3-408F-82EA-F6A46BDAE7EE}.Ad-Hoc|x86.Build.0 = Release|x86
		{CF4BDF9C-80B3-408F-82EA-F6A46BDAE7EE}.Ad-Hoc|x86.Deploy.0 = Release|x86
		{CF4BDF9C-80B3-408F-82EA-F6A46BDAE7EE}.AppStore|Any CPU.ActiveCfg = Release|x86
		{CF4BDF9C-80B3-408F-82EA-F6A46BDAE7EE}.AppStore|Any CPU.Build.0 = Release|x86
		{CF4BDF9C-80B3-408F-82EA-F6A46BDAE7EE}.AppStore|Any CPU.Deploy.0 = Release|x86
		{CF4BDF9C-80B3-408F-82EA-F6A46BDAE7EE}.AppStore|ARM.ActiveCfg = Release|ARM
		{CF4BDF9C-80B3-408F-82EA-F6A46BDAE7EE}.AppStore|ARM.Build.0 = Release|ARM
		{CF4BDF9C-80B3-408F-82EA-F6A46BDAE7EE}.AppStore|ARM.Deploy.0 = Release|ARM
		{CF4BDF9C-80B3-408F-82EA-F6A46BDAE7EE}.AppStore|iPhone.ActiveCfg = Release|x86
		{CF4BDF9C-80B3-408F-82EA-F6A46BDAE7EE}.AppStore|iPhone.Build.0 = Release|x86
		{CF4BDF9C-80B3-408F-82EA-F6A46BDAE7EE}.AppStore|iPhone.Deploy.0 = Release|x86
		{CF4BDF9C-80B3-408F-82EA-F6A46BDAE7EE}.AppStore|iPhoneSimulator.ActiveCfg = Release|x86
		{CF4BDF9C-80B3-408F-82EA-F6A46BDAE7EE}.AppStore|iPhoneSimulator.Build.0 = Release|x86
		{CF4BDF9C-80B3-408F-82EA-F6A46BDAE7EE}.AppStore|iPhoneSimulator.Deploy.0 = Release|x86
		{CF4BDF9C-80B3-408F-82EA-F6A46BDAE7EE}.AppStore|x64.ActiveCfg = Release|x64
		{CF4BDF9C-80B3-408F-82EA-F6A46BDAE7EE}.AppStore|x64.Build.0 = Release|x64
		{CF4BDF9C-80B3-408F-82EA-F6A46BDAE7EE}.AppStore|x64.Deploy.0 = Release|x64
		{CF4BDF9C-80B3-408F-82EA-F6A46BDAE7EE}.AppStore|x86.ActiveCfg = Release|x86
		{CF4BDF9C-80B3-408F-82EA-F6A46BDAE7EE}.AppStore|x86.Build.0 = Release|x86
		{CF4BDF9C-80B3-408F-82EA-F6A46BDAE7EE}.AppStore|x86.Deploy.0 = Release|x86
		{CF4BDF9C-80B3-408F-82EA-F6A46BDAE7EE}.Debug|Any CPU.ActiveCfg = Debug|x86
		{CF4BDF9C-80B3-408F-82EA-F6A46BDAE7EE}.Debug|Any CPU.Build.0 = Debug|x86
		{CF4BDF9C-80B3-408F-82EA-F6A46BDAE7EE}.Debug|Any CPU.Deploy.0 = Debug|x86
		{CF4BDF9C-80B3-408F-82EA-F6A46BDAE7EE}.Debug|ARM.ActiveCfg = Debug|ARM
		{CF4BDF9C-80B3-408F-82EA-F6A46BDAE7EE}.Debug|ARM.Build.0 = Debug|ARM
		{CF4BDF9C-80B3-408F-82EA-F6A46BDAE7EE}.Debug|ARM.Deploy.0 = Debug|ARM
		{CF4BDF9C-80B3-408F-82EA-F6A46BDAE7EE}.Debug|iPhone.ActiveCfg = Debug|x86
		{CF4BDF9C-80B3-408F-82EA-F6A46BDAE7EE}.Debug|iPhone.Build.0 = Debug|x86
		{CF4BDF9C-80B3-408F-82EA-F6A46BDAE7EE}.Debug|iPhone.Deploy.0 = Debug|x86
		{CF4BDF9C-80B3-408F-82EA-F6A46BDAE7EE}.Debug|iPhoneSimulator.ActiveCfg = Debug|x86
		{CF4BDF9C-80B3-408F-82EA-F6A46BDAE7EE}.Debug|iPhoneSimulator.Build.0 = Debug|x86
		{CF4BDF9C-80B3-408F-82EA-F6A46BDAE7EE}.Debug|iPhoneSimulator.Deploy.0 = Debug|x86
		{CF4BDF9C-80B3-408F-82EA-F6A46BDAE7EE}.Debug|x64.ActiveCfg = Debug|x64
		{CF4BDF9C-80B3-408F-82EA-F6A46BDAE7EE}.Debug|x64.Build.0 = Debug|x64
		{CF4BDF9C-80B3-408F-82EA-F6A46BDAE7EE}.Debug|x64.Deploy.0 = Debug|x64
		{CF4BDF9C-80B3-408F-82EA-F6A46BDAE7EE}.Debug|x86.ActiveCfg = Debug|x86
		{CF4BDF9C-80B3-408F-82EA-F6A46BDAE7EE}.Debug|x86.Build.0 = Debug|x86
		{CF4BDF9C-80B3-408F-82EA-F6A46BDAE7EE}.Debug|x86.Deploy.0 = Debug|x86
		{CF4BDF9C-80B3-408F-82EA-F6A46BDAE7EE}.Release|Any CPU.ActiveCfg = Release|x86
		{CF4BDF9C-80B3-408F-82EA-F6A46BDAE7EE}.Release|Any CPU.Build.0 = Release|x86
		{CF4BDF9C-80B3-408F-82EA-F6A46BDAE7EE}.Release|Any CPU.Deploy.0 = Release|x86
		{CF4BDF9C-80B3-408F-82EA-F6A46BDAE7EE}.Release|ARM.ActiveCfg = Release|ARM
		{CF4BDF9C-80B3-408F-82EA-F6A46BDAE7EE}.Release|ARM.Build.0 = Release|ARM
		{CF4BDF9C-80B3-408F-82EA-F6A46BDAE7EE}.Release|ARM.Deploy.0 = Release|ARM
		{CF4BDF9C-80B3-408F-82EA-F6A46BDAE7EE}.Release|iPhone.ActiveCfg = Release|x86
		{CF4BDF9C-80B3-408F-82EA-F6A46BDAE7EE}.Release|iPhone.Build.0 = Release|x86
		{CF4BDF9C-80B3-408F-82EA-F6A46BDAE7EE}.Release|iPhone.Deploy.0 = Release|x86
		{CF4BDF9C-80B3-408F-82EA-F6A46BDAE7EE}.Release|iPhoneSimulator.ActiveCfg = Release|x86
		{CF4BDF9C-80B3-408F-82EA-F6A46BDAE7EE}.Release|iPhoneSimulator.Build.0 = Release|x86
		{CF4BDF9C-80B3-408F-82EA-F6A46BDAE7EE}.Release|iPhoneSimulator.Deploy.0 = Release|x86
		{CF4BDF9C-80B3-408F-82EA-F6A46BDAE7EE}.Release|x64.ActiveCfg = Release|x64
		{CF4BDF9C-80B3-408F-82EA-F6A46BDAE7EE}.Release|x64.Build.0 = Release|x64
		{CF4BDF9C-80B3-408F-82EA-F6A46BDAE7EE}.Release|x64.Deploy.0 = Release|x64
		{CF4BDF9C-80B3-408F-82EA-F6A46BDAE7EE}.Release|x86.ActiveCfg = Release|x86
		{CF4BDF9C-80B3-408F-82EA-F6A46BDAE7EE}.Release|x86.Build.0 = Release|x86
		{CF4BDF9C-80B3-408F-82EA-F6A46BDAE7EE}.Release|x86.Deploy.0 = Release|x86
		{F18BADDF-0C64-4AC4-B211-F34FC12BC918}.Ad-Hoc|Any CPU.ActiveCfg = Release|Any CPU
		{F18BADDF-0C64-4AC4-B211-F34FC12BC918}.Ad-Hoc|Any CPU.Build.0 = Release|Any CPU
		{F18BADDF-0C64-4AC4-B211-F34FC12BC918}.Ad-Hoc|Any CPU.Deploy.0 = Release|Any CPU
		{F18BADDF-0C64-4AC4-B211-F34FC12BC918}.Ad-Hoc|ARM.ActiveCfg = Release|ARM
		{F18BADDF-0C64-4AC4-B211-F34FC12BC918}.Ad-Hoc|ARM.Build.0 = Release|ARM
		{F18BADDF-0C64-4AC4-B211-F34FC12BC918}.Ad-Hoc|ARM.Deploy.0 = Release|ARM
		{F18BADDF-0C64-4AC4-B211-F34FC12BC918}.Ad-Hoc|iPhone.ActiveCfg = Release|Any CPU
		{F18BADDF-0C64-4AC4-B211-F34FC12BC918}.Ad-Hoc|iPhone.Build.0 = Release|Any CPU
		{F18BADDF-0C64-4AC4-B211-F34FC12BC918}.Ad-Hoc|iPhone.Deploy.0 = Release|Any CPU
		{F18BADDF-0C64-4AC4-B211-F34FC12BC918}.Ad-Hoc|iPhoneSimulator.ActiveCfg = Release|Any CPU
		{F18BADDF-0C64-4AC4-B211-F34FC12BC918}.Ad-Hoc|iPhoneSimulator.Build.0 = Release|Any CPU
		{F18BADDF-0C64-4AC4-B211-F34FC12BC918}.Ad-Hoc|iPhoneSimulator.Deploy.0 = Release|Any CPU
		{F18BADDF-0C64-4AC4-B211-F34FC12BC918}.Ad-Hoc|x64.ActiveCfg = Release|Any CPU
		{F18BADDF-0C64-4AC4-B211-F34FC12BC918}.Ad-Hoc|x64.Build.0 = Release|Any CPU
		{F18BADDF-0C64-4AC4-B211-F34FC12BC918}.Ad-Hoc|x64.Deploy.0 = Release|Any CPU
		{F18BADDF-0C64-4AC4-B211-F34FC12BC918}.Ad-Hoc|x86.ActiveCfg = Release|x86
		{F18BADDF-0C64-4AC4-B211-F34FC12BC918}.Ad-Hoc|x86.Build.0 = Release|x86
		{F18BADDF-0C64-4AC4-B211-F34FC12BC918}.Ad-Hoc|x86.Deploy.0 = Release|x86
		{F18BADDF-0C64-4AC4-B211-F34FC12BC918}.AppStore|Any CPU.ActiveCfg = Release|Any CPU
		{F18BADDF-0C64-4AC4-B211-F34FC12BC918}.AppStore|Any CPU.Build.0 = Release|Any CPU
		{F18BADDF-0C64-4AC4-B211-F34FC12BC918}.AppStore|Any CPU.Deploy.0 = Release|Any CPU
		{F18BADDF-0C64-4AC4-B211-F34FC12BC918}.AppStore|ARM.ActiveCfg = Release|ARM
		{F18BADDF-0C64-4AC4-B211-F34FC12BC918}.AppStore|ARM.Build.0 = Release|ARM
		{F18BADDF-0C64-4AC4-B211-F34FC12BC918}.AppStore|ARM.Deploy.0 = Release|ARM
		{F18BADDF-0C64-4AC4-B211-F34FC12BC918}.AppStore|iPhone.ActiveCfg = Release|Any CPU
		{F18BADDF-0C64-4AC4-B211-F34FC12BC918}.AppStore|iPhone.Build.0 = Release|Any CPU
		{F18BADDF-0C64-4AC4-B211-F34FC12BC918}.AppStore|iPhone.Deploy.0 = Release|Any CPU
		{F18BADDF-0C64-4AC4-B211-F34FC12BC918}.AppStore|iPhoneSimulator.ActiveCfg = Release|Any CPU
		{F18BADDF-0C64-4AC4-B211-F34FC12BC918}.AppStore|iPhoneSimulator.Build.0 = Release|Any CPU
		{F18BADDF-0C64-4AC4-B211-F34FC12BC918}.AppStore|iPhoneSimulator.Deploy.0 = Release|Any CPU
		{F18BADDF-0C64-4AC4-B211-F34FC12BC918}.AppStore|x64.ActiveCfg = Release|Any CPU
		{F18BADDF-0C64-4AC4-B211-F34FC12BC918}.AppStore|x64.Build.0 = Release|Any CPU
		{F18BADDF-0C64-4AC4-B211-F34FC12BC918}.AppStore|x64.Deploy.0 = Release|Any CPU
		{F18BADDF-0C64-4AC4-B211-F34FC12BC918}.AppStore|x86.ActiveCfg = Release|x86
		{F18BADDF-0C64-4AC4-B211-F34FC12BC918}.AppStore|x86.Build.0 = Release|x86
		{F18BADDF-0C64-4AC4-B211-F34FC12BC918}.AppStore|x86.Deploy.0 = Release|x86
		{F18BADDF-0C64-4AC4-B211-F34FC12BC918}.Debug|Any CPU.ActiveCfg = Debug|Any CPU
		{F18BADDF-0C64-4AC4-B211-F34FC12BC918}.Debug|Any CPU.Build.0 = Debug|Any CPU
		{F18BADDF-0C64-4AC4-B211-F34FC12BC918}.Debug|Any CPU.Deploy.0 = Debug|Any CPU
		{F18BADDF-0C64-4AC4-B211-F34FC12BC918}.Debug|ARM.ActiveCfg = Debug|ARM
		{F18BADDF-0C64-4AC4-B211-F34FC12BC918}.Debug|ARM.Build.0 = Debug|ARM
		{F18BADDF-0C64-4AC4-B211-F34FC12BC918}.Debug|ARM.Deploy.0 = Debug|ARM
		{F18BADDF-0C64-4AC4-B211-F34FC12BC918}.Debug|iPhone.ActiveCfg = Debug|Any CPU
		{F18BADDF-0C64-4AC4-B211-F34FC12BC918}.Debug|iPhone.Build.0 = Debug|Any CPU
		{F18BADDF-0C64-4AC4-B211-F34FC12BC918}.Debug|iPhone.Deploy.0 = Debug|Any CPU
		{F18BADDF-0C64-4AC4-B211-F34FC12BC918}.Debug|iPhoneSimulator.ActiveCfg = Debug|Any CPU
		{F18BADDF-0C64-4AC4-B211-F34FC12BC918}.Debug|iPhoneSimulator.Build.0 = Debug|Any CPU
		{F18BADDF-0C64-4AC4-B211-F34FC12BC918}.Debug|iPhoneSimulator.Deploy.0 = Debug|Any CPU
		{F18BADDF-0C64-4AC4-B211-F34FC12BC918}.Debug|x64.ActiveCfg = Debug|Any CPU
		{F18BADDF-0C64-4AC4-B211-F34FC12BC918}.Debug|x64.Build.0 = Debug|Any CPU
		{F18BADDF-0C64-4AC4-B211-F34FC12BC918}.Debug|x64.Deploy.0 = Debug|Any CPU
		{F18BADDF-0C64-4AC4-B211-F34FC12BC918}.Debug|x86.ActiveCfg = Debug|x86
		{F18BADDF-0C64-4AC4-B211-F34FC12BC918}.Debug|x86.Build.0 = Debug|x86
		{F18BADDF-0C64-4AC4-B211-F34FC12BC918}.Debug|x86.Deploy.0 = Debug|x86
		{F18BADDF-0C64-4AC4-B211-F34FC12BC918}.Release|Any CPU.ActiveCfg = Release|Any CPU
		{F18BADDF-0C64-4AC4-B211-F34FC12BC918}.Release|Any CPU.Build.0 = Release|Any CPU
		{F18BADDF-0C64-4AC4-B211-F34FC12BC918}.Release|Any CPU.Deploy.0 = Release|Any CPU
		{F18BADDF-0C64-4AC4-B211-F34FC12BC918}.Release|ARM.ActiveCfg = Release|ARM
		{F18BADDF-0C64-4AC4-B211-F34FC12BC918}.Release|ARM.Build.0 = Release|ARM
		{F18BADDF-0C64-4AC4-B211-F34FC12BC918}.Release|ARM.Deploy.0 = Release|ARM
		{F18BADDF-0C64-4AC4-B211-F34FC12BC918}.Release|iPhone.ActiveCfg = Release|Any CPU
		{F18BADDF-0C64-4AC4-B211-F34FC12BC918}.Release|iPhone.Build.0 = Release|Any CPU
		{F18BADDF-0C64-4AC4-B211-F34FC12BC918}.Release|iPhone.Deploy.0 = Release|Any CPU
		{F18BADDF-0C64-4AC4-B211-F34FC12BC918}.Release|iPhoneSimulator.ActiveCfg = Release|Any CPU
		{F18BADDF-0C64-4AC4-B211-F34FC12BC918}.Release|iPhoneSimulator.Build.0 = Release|Any CPU
		{F18BADDF-0C64-4AC4-B211-F34FC12BC918}.Release|iPhoneSimulator.Deploy.0 = Release|Any CPU
		{F18BADDF-0C64-4AC4-B211-F34FC12BC918}.Release|x64.ActiveCfg = Release|Any CPU
		{F18BADDF-0C64-4AC4-B211-F34FC12BC918}.Release|x64.Build.0 = Release|Any CPU
		{F18BADDF-0C64-4AC4-B211-F34FC12BC918}.Release|x64.Deploy.0 = Release|Any CPU
		{F18BADDF-0C64-4AC4-B211-F34FC12BC918}.Release|x86.ActiveCfg = Release|x86
		{F18BADDF-0C64-4AC4-B211-F34FC12BC918}.Release|x86.Build.0 = Release|x86
		{F18BADDF-0C64-4AC4-B211-F34FC12BC918}.Release|x86.Deploy.0 = Release|x86
		{1FC06283-27C4-4985-96BD-4281648BE52C}.Ad-Hoc|Any CPU.ActiveCfg = Release|Any CPU
		{1FC06283-27C4-4985-96BD-4281648BE52C}.Ad-Hoc|Any CPU.Build.0 = Release|Any CPU
		{1FC06283-27C4-4985-96BD-4281648BE52C}.Ad-Hoc|Any CPU.Deploy.0 = Release|Any CPU
		{1FC06283-27C4-4985-96BD-4281648BE52C}.Ad-Hoc|ARM.ActiveCfg = Release|ARM
		{1FC06283-27C4-4985-96BD-4281648BE52C}.Ad-Hoc|ARM.Build.0 = Release|ARM
		{1FC06283-27C4-4985-96BD-4281648BE52C}.Ad-Hoc|ARM.Deploy.0 = Release|ARM
		{1FC06283-27C4-4985-96BD-4281648BE52C}.Ad-Hoc|iPhone.ActiveCfg = Release|Any CPU
		{1FC06283-27C4-4985-96BD-4281648BE52C}.Ad-Hoc|iPhone.Build.0 = Release|Any CPU
		{1FC06283-27C4-4985-96BD-4281648BE52C}.Ad-Hoc|iPhone.Deploy.0 = Release|Any CPU
		{1FC06283-27C4-4985-96BD-4281648BE52C}.Ad-Hoc|iPhoneSimulator.ActiveCfg = Release|Any CPU
		{1FC06283-27C4-4985-96BD-4281648BE52C}.Ad-Hoc|iPhoneSimulator.Build.0 = Release|Any CPU
		{1FC06283-27C4-4985-96BD-4281648BE52C}.Ad-Hoc|iPhoneSimulator.Deploy.0 = Release|Any CPU
		{1FC06283-27C4-4985-96BD-4281648BE52C}.Ad-Hoc|x64.ActiveCfg = Release|x64
		{1FC06283-27C4-4985-96BD-4281648BE52C}.Ad-Hoc|x64.Build.0 = Release|x64
		{1FC06283-27C4-4985-96BD-4281648BE52C}.Ad-Hoc|x64.Deploy.0 = Release|x64
		{1FC06283-27C4-4985-96BD-4281648BE52C}.Ad-Hoc|x86.ActiveCfg = Release|x86
		{1FC06283-27C4-4985-96BD-4281648BE52C}.Ad-Hoc|x86.Build.0 = Release|x86
		{1FC06283-27C4-4985-96BD-4281648BE52C}.Ad-Hoc|x86.Deploy.0 = Release|x86
		{1FC06283-27C4-4985-96BD-4281648BE52C}.AppStore|Any CPU.ActiveCfg = Release|Any CPU
		{1FC06283-27C4-4985-96BD-4281648BE52C}.AppStore|Any CPU.Build.0 = Release|Any CPU
		{1FC06283-27C4-4985-96BD-4281648BE52C}.AppStore|Any CPU.Deploy.0 = Release|Any CPU
		{1FC06283-27C4-4985-96BD-4281648BE52C}.AppStore|ARM.ActiveCfg = Release|ARM
		{1FC06283-27C4-4985-96BD-4281648BE52C}.AppStore|ARM.Build.0 = Release|ARM
		{1FC06283-27C4-4985-96BD-4281648BE52C}.AppStore|ARM.Deploy.0 = Release|ARM
		{1FC06283-27C4-4985-96BD-4281648BE52C}.AppStore|iPhone.ActiveCfg = Release|Any CPU
		{1FC06283-27C4-4985-96BD-4281648BE52C}.AppStore|iPhone.Build.0 = Release|Any CPU
		{1FC06283-27C4-4985-96BD-4281648BE52C}.AppStore|iPhone.Deploy.0 = Release|Any CPU
		{1FC06283-27C4-4985-96BD-4281648BE52C}.AppStore|iPhoneSimulator.ActiveCfg = Release|Any CPU
		{1FC06283-27C4-4985-96BD-4281648BE52C}.AppStore|iPhoneSimulator.Build.0 = Release|Any CPU
		{1FC06283-27C4-4985-96BD-4281648BE52C}.AppStore|iPhoneSimulator.Deploy.0 = Release|Any CPU
		{1FC06283-27C4-4985-96BD-4281648BE52C}.AppStore|x64.ActiveCfg = Release|x64
		{1FC06283-27C4-4985-96BD-4281648BE52C}.AppStore|x64.Build.0 = Release|x64
		{1FC06283-27C4-4985-96BD-4281648BE52C}.AppStore|x64.Deploy.0 = Release|x64
		{1FC06283-27C4-4985-96BD-4281648BE52C}.AppStore|x86.ActiveCfg = Release|x86
		{1FC06283-27C4-4985-96BD-4281648BE52C}.AppStore|x86.Build.0 = Release|x86
		{1FC06283-27C4-4985-96BD-4281648BE52C}.AppStore|x86.Deploy.0 = Release|x86
		{1FC06283-27C4-4985-96BD-4281648BE52C}.Debug|Any CPU.ActiveCfg = Debug|Any CPU
		{1FC06283-27C4-4985-96BD-4281648BE52C}.Debug|Any CPU.Build.0 = Debug|Any CPU
		{1FC06283-27C4-4985-96BD-4281648BE52C}.Debug|Any CPU.Deploy.0 = Debug|Any CPU
		{1FC06283-27C4-4985-96BD-4281648BE52C}.Debug|ARM.ActiveCfg = Debug|ARM
		{1FC06283-27C4-4985-96BD-4281648BE52C}.Debug|ARM.Build.0 = Debug|ARM
		{1FC06283-27C4-4985-96BD-4281648BE52C}.Debug|ARM.Deploy.0 = Debug|ARM
		{1FC06283-27C4-4985-96BD-4281648BE52C}.Debug|iPhone.ActiveCfg = Debug|Any CPU
		{1FC06283-27C4-4985-96BD-4281648BE52C}.Debug|iPhone.Build.0 = Debug|Any CPU
		{1FC06283-27C4-4985-96BD-4281648BE52C}.Debug|iPhone.Deploy.0 = Debug|Any CPU
		{1FC06283-27C4-4985-96BD-4281648BE52C}.Debug|iPhoneSimulator.ActiveCfg = Debug|Any CPU
		{1FC06283-27C4-4985-96BD-4281648BE52C}.Debug|iPhoneSimulator.Build.0 = Debug|Any CPU
		{1FC06283-27C4-4985-96BD-4281648BE52C}.Debug|iPhoneSimulator.Deploy.0 = Debug|Any CPU
		{1FC06283-27C4-4985-96BD-4281648BE52C}.Debug|x64.ActiveCfg = Debug|x64
		{1FC06283-27C4-4985-96BD-4281648BE52C}.Debug|x64.Build.0 = Debug|x64
		{1FC06283-27C4-4985-96BD-4281648BE52C}.Debug|x64.Deploy.0 = Debug|x64
		{1FC06283-27C4-4985-96BD-4281648BE52C}.Debug|x86.ActiveCfg = Debug|x86
		{1FC06283-27C4-4985-96BD-4281648BE52C}.Debug|x86.Build.0 = Debug|x86
		{1FC06283-27C4-4985-96BD-4281648BE52C}.Debug|x86.Deploy.0 = Debug|x86
		{1FC06283-27C4-4985-96BD-4281648BE52C}.Release|Any CPU.ActiveCfg = Release|Any CPU
		{1FC06283-27C4-4985-96BD-4281648BE52C}.Release|Any CPU.Build.0 = Release|Any CPU
		{1FC06283-27C4-4985-96BD-4281648BE52C}.Release|Any CPU.Deploy.0 = Release|Any CPU
		{1FC06283-27C4-4985-96BD-4281648BE52C}.Release|ARM.ActiveCfg = Release|ARM
		{1FC06283-27C4-4985-96BD-4281648BE52C}.Release|ARM.Build.0 = Release|ARM
		{1FC06283-27C4-4985-96BD-4281648BE52C}.Release|ARM.Deploy.0 = Release|ARM
		{1FC06283-27C4-4985-96BD-4281648BE52C}.Release|iPhone.ActiveCfg = Release|Any CPU
		{1FC06283-27C4-4985-96BD-4281648BE52C}.Release|iPhone.Build.0 = Release|Any CPU
		{1FC06283-27C4-4985-96BD-4281648BE52C}.Release|iPhone.Deploy.0 = Release|Any CPU
		{1FC06283-27C4-4985-96BD-4281648BE52C}.Release|iPhoneSimulator.ActiveCfg = Release|Any CPU
		{1FC06283-27C4-4985-96BD-4281648BE52C}.Release|iPhoneSimulator.Build.0 = Release|Any CPU
		{1FC06283-27C4-4985-96BD-4281648BE52C}.Release|iPhoneSimulator.Deploy.0 = Release|Any CPU
		{1FC06283-27C4-4985-96BD-4281648BE52C}.Release|x64.ActiveCfg = Release|x64
		{1FC06283-27C4-4985-96BD-4281648BE52C}.Release|x64.Build.0 = Release|x64
		{1FC06283-27C4-4985-96BD-4281648BE52C}.Release|x64.Deploy.0 = Release|x64
		{1FC06283-27C4-4985-96BD-4281648BE52C}.Release|x86.ActiveCfg = Release|x86
		{1FC06283-27C4-4985-96BD-4281648BE52C}.Release|x86.Build.0 = Release|x86
		{1FC06283-27C4-4985-96BD-4281648BE52C}.Release|x86.Deploy.0 = Release|x86
	EndGlobalSection
	GlobalSection(SolutionProperties) = preSolution
		HideSolutionNode = FALSE
	EndGlobalSection
EndGlobal
